
Microsoft Visual Studio Solution File, Format Version 12.00
# Visual Studio Express 2012 for Windows Desktop
Project("{FAE04EC0-301F-11D3-BF4B-00C04F79EFBC}") = "Algorithm Tester", "Algorithm Tester\Algorithm Tester.csproj", "{D18FF1EB-6929-4366-AD9E-7EF192A6E7EA}"
EndProject
Project("{FAE04EC0-301F-11D3-BF4B-00C04F79EFBC}") = "Graphics", "Graphics\Graphics.csproj", "{52FDB39B-078E-4778-92D1-F1F099C5F9AF}"
EndProject
Project("{FAE04EC0-301F-11D3-BF4B-00C04F79EFBC}") = "Audio", "Audio\Audio.csproj", "{014CBA0B-A82A-4332-8BFF-614B76DBC0D4}"
EndProject
Global
	GlobalSection(SolutionConfigurationPlatforms) = preSolution
		Debug|Any CPU = Debug|Any CPU
		Release|Any CPU = Release|Any CPU
	EndGlobalSection
	GlobalSection(ProjectConfigurationPlatforms) = postSolution
		{D18FF1EB-6929-4366-AD9E-7EF192A6E7EA}.Debug|Any CPU.ActiveCfg = Debug|Any CPU
		{D18FF1EB-6929-4366-AD9E-7EF192A6E7EA}.Debug|Any CPU.Build.0 = Debug|Any CPU
		{D18FF1EB-6929-4366-AD9E-7EF192A6E7EA}.Release|Any CPU.ActiveCfg = Release|Any CPU
		{D18FF1EB-6929-4366-AD9E-7EF192A6E7EA}.Release|Any CPU.Build.0 = Release|Any CPU
		{52FDB39B-078E-4778-92D1-F1F099C5F9AF}.Debug|Any CPU.ActiveCfg = Debug|Any CPU
		{52FDB39B-078E-4778-92D1-F1F099C5F9AF}.Debug|Any CPU.Build.0 = Debug|Any CPU
		{52FDB39B-078E-4778-92D1-F1F099C5F9AF}.Release|Any CPU.ActiveCfg = Release|Any CPU
		{52FDB39B-078E-4778-92D1-F1F099C5F9AF}.Release|Any CPU.Build.0 = Release|Any CPU
		{014CBA0B-A82A-4332-8BFF-614B76DBC0D4}.Debug|Any CPU.ActiveCfg = Debug|Any CPU
		{014CBA0B-A82A-4332-8BFF-614B76DBC0D4}.Debug|Any CPU.Build.0 = Debug|Any CPU
		{014CBA0B-A82A-4332-8BFF-614B76DBC0D4}.Release|Any CPU.ActiveCfg = Release|Any CPU
		{014CBA0B-A82A-4332-8BFF-614B76DBC0D4}.Release|Any CPU.Build.0 = Release|Any CPU
	EndGlobalSection
	GlobalSection(SolutionProperties) = preSolution
		HideSolutionNode = FALSE
	EndGlobalSection
EndGlobal
